{
  "version": 4,
  "terraform_version": "1.5.2",
  "serial": 8,
  "lineage": "589da804-4384-eecf-c2be-a127894e3c0e",
  "outputs": {},
  "resources": [
    {
      "mode": "managed",
      "type": "google_cloud_run_v2_service",
      "name": "employee",
      "provider": "provider[\"registry.terraform.io/hashicorp/google\"]",
      "instances": [
        {
          "schema_version": 0,
          "attributes": {
            "annotations": {},
            "binary_authorization": [],
            "client": "",
            "client_version": "",
            "conditions": [
              {
                "execution_reason": "",
                "last_transition_time": "2023-07-11T16:50:48.552020Z",
                "message": "",
                "reason": "",
                "revision_reason": "",
                "severity": "",
                "state": "CONDITION_SUCCEEDED",
                "type": "RoutesReady"
              },
              {
                "execution_reason": "",
                "last_transition_time": "2023-07-11T16:50:33.911007Z",
                "message": "",
                "reason": "",
                "revision_reason": "",
                "severity": "",
                "state": "CONDITION_SUCCEEDED",
                "type": "ConfigurationsReady"
              }
            ],
            "description": "",
            "etag": "\"CNmQtqUGEJC-qKYC/cHJvamVjdHMvaWJjd2UtZXZlbnQtbGF5ZXItZjNjY2Y2ZDkvbG9jYXRpb25zL3VzLWNlbnRyYWwxL3NlcnZpY2VzL2VtcGxveWVlLWFwaQ\"",
            "generation": "2",
            "id": "projects/ibcwe-event-layer-f3ccf6d9/locations/us-central1/services/employee-api",
            "ingress": "INGRESS_TRAFFIC_ALL",
            "labels": {},
            "latest_created_revision": "projects/ibcwe-event-layer-f3ccf6d9/locations/us-central1/services/employee-api/revisions/employee-api-00002-qbd",
            "latest_ready_revision": "projects/ibcwe-event-layer-f3ccf6d9/locations/us-central1/services/employee-api/revisions/employee-api-00002-qbd",
            "launch_stage": "GA",
            "location": "us-central1",
            "name": "employee-api",
            "observed_generation": "2",
            "project": "ibcwe-event-layer-f3ccf6d9",
            "reconciling": false,
            "template": [
              {
                "annotations": {},
                "containers": [
                  {
                    "args": [],
                    "command": [],
                    "env": [
                      {
                        "name": "DB",
                        "value": "mysql://employee-api:changeit@unix(/cloudsql/ibcwe-event-layer-f3ccf6d9:us-central1:sql-db)/hr",
                        "value_source": []
                      }
                    ],
                    "image": "us-central1-docker.pkg.dev/ibcwe-event-layer-f3ccf6d9/cloud-run-try/employee",
                    "liveness_probe": [],
                    "name": "",
                    "ports": [
                      {
                        "container_port": 8080,
                        "name": "http1"
                      }
                    ],
                    "resources": [
                      {
                        "cpu_idle": true,
                        "limits": {
                          "cpu": "1000m",
                          "memory": "512Mi"
                        },
                        "startup_cpu_boost": false
                      }
                    ],
                    "startup_probe": [
                      {
                        "failure_threshold": 1,
                        "grpc": [],
                        "http_get": [],
                        "initial_delay_seconds": 0,
                        "period_seconds": 240,
                        "tcp_socket": [
                          {
                            "port": 8080
                          }
                        ],
                        "timeout_seconds": 240
                      }
                    ],
                    "volume_mounts": [
                      {
                        "mount_path": "/cloudsql",
                        "name": "cloudsql"
                      }
                    ],
                    "working_dir": ""
                  }
                ],
                "encryption_key": "",
                "execution_environment": "",
                "labels": {},
                "max_instance_request_concurrency": 80,
                "revision": "",
                "scaling": [
                  {
                    "max_instance_count": 100,
                    "min_instance_count": 0
                  }
                ],
                "service_account": "955821040351-compute@developer.gserviceaccount.com",
                "session_affinity": false,
                "timeout": "300s",
                "volumes": [
                  {
                    "cloud_sql_instance": [
                      {
                        "instances": [
                          "ibcwe-event-layer-f3ccf6d9:us-central1:sql-db"
                        ]
                      }
                    ],
                    "name": "cloudsql",
                    "secret": []
                  }
                ],
                "vpc_access": []
              }
            ],
            "terminal_condition": [
              {
                "execution_reason": "",
                "last_transition_time": "2023-07-11T16:50:48.425839Z",
                "message": "",
                "reason": "",
                "revision_reason": "",
                "severity": "",
                "state": "CONDITION_SUCCEEDED",
                "type": "Ready"
              }
            ],
            "timeouts": null,
            "traffic": [
              {
                "percent": 100,
                "revision": "",
                "tag": "",
                "type": "TRAFFIC_TARGET_ALLOCATION_TYPE_LATEST"
              }
            ],
            "traffic_statuses": [
              {
                "percent": 100,
                "revision": "",
                "tag": "",
                "type": "TRAFFIC_TARGET_ALLOCATION_TYPE_LATEST",
                "uri": ""
              }
            ],
            "uid": "f1c7e666-7348-4ab5-bfa4-78b96f285a55",
            "uri": "https://employee-api-oy6beuif2a-uc.a.run.app"
          },
          "sensitive_attributes": [],
          "private": "eyJlMmJmYjczMC1lY2FhLTExZTYtOGY4OC0zNDM2M2JjN2M0YzAiOnsiY3JlYXRlIjoxMjAwMDAwMDAwMDAwLCJkZWxldGUiOjEyMDAwMDAwMDAwMDAsInVwZGF0ZSI6MTIwMDAwMDAwMDAwMH19",
          "dependencies": [
            "google_sql_database_instance.cloudsql-instance"
          ]
        }
      ]
    },
    {
      "mode": "managed",
      "type": "google_sql_database",
      "name": "database",
      "provider": "provider[\"registry.terraform.io/hashicorp/google\"]",
      "instances": [
        {
          "schema_version": 0,
          "attributes": {
            "charset": "utf8mb4",
            "collation": "utf8mb4_0900_ai_ci",
            "deletion_policy": "DELETE",
            "id": "projects/ibcwe-event-layer-f3ccf6d9/instances/sql-db/databases/hr",
            "instance": "sql-db",
            "name": "hr",
            "project": "ibcwe-event-layer-f3ccf6d9",
            "self_link": "https://sqladmin.googleapis.com/sql/v1beta4/projects/ibcwe-event-layer-f3ccf6d9/instances/sql-db/databases/hr",
            "timeouts": null
          },
          "sensitive_attributes": [],
          "private": "eyJlMmJmYjczMC1lY2FhLTExZTYtOGY4OC0zNDM2M2JjN2M0YzAiOnsiY3JlYXRlIjoxMjAwMDAwMDAwMDAwLCJkZWxldGUiOjEyMDAwMDAwMDAwMDAsInVwZGF0ZSI6MTIwMDAwMDAwMDAwMH19",
          "dependencies": [
            "google_sql_database_instance.cloudsql-instance"
          ]
        }
      ]
    },
    {
      "mode": "managed",
      "type": "google_sql_database_instance",
      "name": "cloudsql-instance",
      "provider": "provider[\"registry.terraform.io/hashicorp/google\"]",
      "instances": [
        {
          "schema_version": 0,
          "attributes": {
            "available_maintenance_versions": [],
            "clone": [],
            "connection_name": "ibcwe-event-layer-f3ccf6d9:us-central1:sql-db",
            "database_version": "MYSQL_8_0",
            "deletion_protection": false,
            "encryption_key_name": null,
            "first_ip_address": "35.193.251.245",
            "id": "sql-db",
            "instance_type": "CLOUD_SQL_INSTANCE",
            "ip_address": [
              {
                "ip_address": "35.193.251.245",
                "time_to_retire": "",
                "type": "PRIMARY"
              }
            ],
            "maintenance_version": "MYSQL_8_0_31.R20230624.00_00",
            "master_instance_name": "",
            "name": "sql-db",
            "private_ip_address": "",
            "project": "ibcwe-event-layer-f3ccf6d9",
            "public_ip_address": "35.193.251.245",
            "region": "us-central1",
            "replica_configuration": [],
            "restore_backup_context": [],
            "root_password": null,
            "self_link": "https://sqladmin.googleapis.com/sql/v1beta4/projects/ibcwe-event-layer-f3ccf6d9/instances/sql-db",
            "server_ca_cert": [
              {
                "cert": "-----BEGIN CERTIFICATE-----\nMIIDfzCCAmegAwIBAgIBADANBgkqhkiG9w0BAQsFADB3MS0wKwYDVQQuEyQ5ZDQw\nMTQ4NC1kMzZlLTRkYjEtYjkwYy00MDc2ZDVjOGI1MzcxIzAhBgNVBAMTGkdvb2ds\nZSBDbG91ZCBTUUwgU2VydmVyIENBMRQwEgYDVQQKEwtHb29nbGUsIEluYzELMAkG\nA1UEBhMCVVMwHhcNMjMwNzExMTYwMzU5WhcNMzMwNzA4MTYwNDU5WjB3MS0wKwYD\nVQQuEyQ5ZDQwMTQ4NC1kMzZlLTRkYjEtYjkwYy00MDc2ZDVjOGI1MzcxIzAhBgNV\nBAMTGkdvb2dsZSBDbG91ZCBTUUwgU2VydmVyIENBMRQwEgYDVQQKEwtHb29nbGUs\nIEluYzELMAkGA1UEBhMCVVMwggEiMA0GCSqGSIb3DQEBAQUAA4IBDwAwggEKAoIB\nAQCOpcTXh2gyP1hkHwtP1wDe4+KjsQR31MaT9klFrxO7LmY2vfER5i5U54YapPlX\nuftgof6tYR7CP7meqCHtX10RFuhYmwCfUGI1DbgglTZVgL+Z8QVE8xROq+vzsOVm\nyCYREyV1u/JLzRlZqugYEAaoCjPL22yGccYmf03hCflvjIFjbdwoneJWzYlXqg1e\nnfaLLaz+X2C1SDS6ePIpO0eL3qTMJYZAPlDOVm5xiOFm49WbzVBLBpRzch6T3uQZ\nvtqqMtVTYE/4Ah+RZoVZbaR83ydwCdnbXeERG66Q9sc8lS7KXW5wQJWIMUuPtwkm\n7P/V4/Y791VC2S1B8lBi+a2BAgMBAAGjFjAUMBIGA1UdEwEB/wQIMAYBAf8CAQAw\nDQYJKoZIhvcNAQELBQADggEBAIVhaabxR69FCJMsyGfwzIMSGl0oW8UFE7ZCAMlF\n7WbIxgZFN+RhOqVMtMhuwL3XC4VaFpXRUzfuGoIEzvDY3vR/ljYOKoxEdHC1tuP+\nG9UqqWdhfPLbGsEUI9QnDl+DdNZbZpbrPXIooA4j3RdZ3HpQrK0bZuU3YHnESJR4\nwYx7PAkvjgS5Vb9dNoeE3pBSI1LgPpsNXdOypgYO9JxX6ACmuRVYqgvLElwDLkwQ\nDFlWl/Eg6gNyq9sToI/zNqGJLY7GAReXAnRLcEVqjGAjK4B5u7VtkDRisxARO77q\nEuItlKRAYaqPGU5OD8YPn2ADnBGLABbarr6UJy8DlnJRYKk=\n-----END CERTIFICATE-----",
                "common_name": "C=US,O=Google\\, Inc,CN=Google Cloud SQL Server CA,dnQualifier=9d401484-d36e-4db1-b90c-4076d5c8b537",
                "create_time": "2023-07-11T16:03:59.755Z",
                "expiration_time": "2033-07-08T16:04:59.755Z",
                "sha1_fingerprint": "bdc87dc2a290263f3d2e8e2d77da219daf06f884"
              }
            ],
            "service_account_email_address": "p955821040351-vuv0l6@gcp-sa-cloud-sql.iam.gserviceaccount.com",
            "settings": [
              {
                "activation_policy": "ALWAYS",
                "active_directory_config": [],
                "advanced_machine_features": [],
                "availability_type": "ZONAL",
                "backup_configuration": [
                  {
                    "backup_retention_settings": [
                      {
                        "retained_backups": 7,
                        "retention_unit": "COUNT"
                      }
                    ],
                    "binary_log_enabled": false,
                    "enabled": false,
                    "location": "",
                    "point_in_time_recovery_enabled": false,
                    "start_time": "04:00",
                    "transaction_log_retention_days": 7
                  }
                ],
                "collation": "",
                "connector_enforcement": "NOT_REQUIRED",
                "database_flags": [],
                "deletion_protection_enabled": false,
                "deny_maintenance_period": [],
                "disk_autoresize": true,
                "disk_autoresize_limit": 0,
                "disk_size": 10,
                "disk_type": "PD_SSD",
                "insights_config": [],
                "ip_configuration": [
                  {
                    "allocated_ip_range": "",
                    "authorized_networks": [],
                    "enable_private_path_for_google_cloud_services": false,
                    "ipv4_enabled": true,
                    "private_network": "",
                    "require_ssl": false
                  }
                ],
                "location_preference": [
                  {
                    "follow_gae_application": "",
                    "secondary_zone": "",
                    "zone": "us-central1-b"
                  }
                ],
                "maintenance_window": [],
                "password_validation_policy": [],
                "pricing_plan": "PER_USE",
                "sql_server_audit_config": [],
                "tier": "db-f1-micro",
                "time_zone": "",
                "user_labels": {},
                "version": 1
              }
            ],
            "timeouts": null
          },
          "sensitive_attributes": [],
          "private": "eyJlMmJmYjczMC1lY2FhLTExZTYtOGY4OC0zNDM2M2JjN2M0YzAiOnsiY3JlYXRlIjoyNDAwMDAwMDAwMDAwLCJkZWxldGUiOjE4MDAwMDAwMDAwMDAsInVwZGF0ZSI6MTgwMDAwMDAwMDAwMH19"
        }
      ]
    },
    {
      "mode": "managed",
      "type": "google_sql_user",
      "name": "admin",
      "provider": "provider[\"registry.terraform.io/hashicorp/google\"]",
      "instances": [
        {
          "schema_version": 1,
          "attributes": {
            "deletion_policy": null,
            "host": "%",
            "id": "root/%/sql-db",
            "instance": "sql-db",
            "name": "root",
            "password": "changeit",
            "password_policy": [],
            "project": "ibcwe-event-layer-f3ccf6d9",
            "sql_server_user_details": [],
            "timeouts": null,
            "type": ""
          },
          "sensitive_attributes": [],
          "private": "eyJlMmJmYjczMC1lY2FhLTExZTYtOGY4OC0zNDM2M2JjN2M0YzAiOnsiY3JlYXRlIjo2MDAwMDAwMDAwMDAsImRlbGV0ZSI6NjAwMDAwMDAwMDAwLCJ1cGRhdGUiOjYwMDAwMDAwMDAwMH0sInNjaGVtYV92ZXJzaW9uIjoiMSJ9",
          "dependencies": [
            "google_sql_database_instance.cloudsql-instance"
          ]
        }
      ]
    },
    {
      "mode": "managed",
      "type": "google_sql_user",
      "name": "app-user",
      "provider": "provider[\"registry.terraform.io/hashicorp/google\"]",
      "instances": [
        {
          "schema_version": 1,
          "attributes": {
            "deletion_policy": null,
            "host": "%",
            "id": "employee-api/%/sql-db",
            "instance": "sql-db",
            "name": "employee-api",
            "password": "changeit",
            "password_policy": [],
            "project": "ibcwe-event-layer-f3ccf6d9",
            "sql_server_user_details": [],
            "timeouts": null,
            "type": ""
          },
          "sensitive_attributes": [],
          "private": "eyJlMmJmYjczMC1lY2FhLTExZTYtOGY4OC0zNDM2M2JjN2M0YzAiOnsiY3JlYXRlIjo2MDAwMDAwMDAwMDAsImRlbGV0ZSI6NjAwMDAwMDAwMDAwLCJ1cGRhdGUiOjYwMDAwMDAwMDAwMH0sInNjaGVtYV92ZXJzaW9uIjoiMSJ9",
          "dependencies": [
            "google_sql_database_instance.cloudsql-instance"
          ]
        }
      ]
    }
  ],
  "check_results": null
}
